
Microsoft Visual Studio Solution File, Format Version 12.00
# Visual Studio Version 16
VisualStudioVersion = 16.0.29306.81
MinimumVisualStudioVersion = 10.0.40219.1
Project("{8BC9CEB8-8B4A-11D0-8D11-00A0C91BC942}") = "Ypsilon", "ypsilon.vcxproj", "{C227CC3C-019C-4894-804C-225F40B92C2D}"
EndProject
Global
	GlobalSection(SolutionConfigurationPlatforms) = preSolution
		Debug|Win32 = Debug|Win32
		Release|Win32 = Release|Win32
	EndGlobalSection
	GlobalSection(ProjectConfigurationPlatforms) = postSolution
		{C227CC3C-019C-4894-804C-225F40B92C2D}.Debug|Win32.ActiveCfg = Debug|Win32
		{C227CC3C-019C-4894-804C-225F40B92C2D}.Debug|Win32.Build.0 = Debug|Win32
		{C227CC3C-019C-4894-804C-225F40B92C2D}.Release|Win32.ActiveCfg = Release|Win32
		{C227CC3C-019C-4894-804C-225F40B92C2D}.Release|Win32.Build.0 = Release|Win32
	EndGlobalSection
	GlobalSection(SolutionProperties) = preSolution
		HideSolutionNode = FALSE
	EndGlobalSection
	GlobalSection(ExtensibilityGlobals) = postSolution
		SolutionGuid = {1DE12C15-4B5C-4201-83BA-09A3CBD93FAC}
	EndGlobalSection
EndGlobal
